
Microsoft Visual Studio Solution File, Format Version 12.00
# Visual Studio 15
VisualStudioVersion = 15.0.27130.2010
MinimumVisualStudioVersion = 10.0.40219.1
Project("{9A19103F-16F7-4668-BE54-9A1E7A4F7556}") = "System.Data.JsonRpc", "System.Data.JsonRpc\System.Data.JsonRpc.csproj", "{C34519EE-157D-406A-B903-AD56B52AB4CA}"
EndProject
Project("{9A19103F-16F7-4668-BE54-9A1E7A4F7556}") = "System.Data.JsonRpc.Tests", "System.Data.JsonRpc.Tests\System.Data.JsonRpc.Tests.csproj", "{CFACA0EB-4B90-4E7F-AD89-E3F2CAD2FA38}"
EndProject
Project("{FAE04EC0-301F-11D3-BF4B-00C04F79EFBC}") = "System.Data.JsonRpc.Benchmarks", "System.Data.JsonRpc.Benchmarks\System.Data.JsonRpc.Benchmarks.csproj", "{72B788B3-FBC3-408B-9067-BD3EAD83235E}"
EndProject
Global
	GlobalSection(SolutionConfigurationPlatforms) = preSolution
		Debug|Any CPU = Debug|Any CPU
		Release|Any CPU = Release|Any CPU
	EndGlobalSection
	GlobalSection(ProjectConfigurationPlatforms) = postSolution
		{C34519EE-157D-406A-B903-AD56B52AB4CA}.Debug|Any CPU.ActiveCfg = Debug|Any CPU
		{C34519EE-157D-406A-B903-AD56B52AB4CA}.Debug|Any CPU.Build.0 = Debug|Any CPU
		{C34519EE-157D-406A-B903-AD56B52AB4CA}.Release|Any CPU.ActiveCfg = Release|Any CPU
		{C34519EE-157D-406A-B903-AD56B52AB4CA}.Release|Any CPU.Build.0 = Release|Any CPU
		{CFACA0EB-4B90-4E7F-AD89-E3F2CAD2FA38}.Debug|Any CPU.ActiveCfg = Debug|Any CPU
		{CFACA0EB-4B90-4E7F-AD89-E3F2CAD2FA38}.Debug|Any CPU.Build.0 = Debug|Any CPU
		{CFACA0EB-4B90-4E7F-AD89-E3F2CAD2FA38}.Release|Any CPU.ActiveCfg = Release|Any CPU
		{CFACA0EB-4B90-4E7F-AD89-E3F2CAD2FA38}.Release|Any CPU.Build.0 = Release|Any CPU
		{72B788B3-FBC3-408B-9067-BD3EAD83235E}.Debug|Any CPU.ActiveCfg = Debug|Any CPU
		{72B788B3-FBC3-408B-9067-BD3EAD83235E}.Debug|Any CPU.Build.0 = Debug|Any CPU
		{72B788B3-FBC3-408B-9067-BD3EAD83235E}.Release|Any CPU.ActiveCfg = Release|Any CPU
		{72B788B3-FBC3-408B-9067-BD3EAD83235E}.Release|Any CPU.Build.0 = Release|Any CPU
	EndGlobalSection
	GlobalSection(SolutionProperties) = preSolution
		HideSolutionNode = FALSE
	EndGlobalSection
	GlobalSection(ExtensibilityGlobals) = postSolution
		SolutionGuid = {EC960C09-4829-46FE-A03D-B1DF7E95F5FA}
	EndGlobalSection
EndGlobal
